// !$*UTF8*$!
{
	archiveVersion = 1;
	classes = {
	};
	objectVersion = 46;
	objects = {

/* Begin PBXBuildFile section */
		172186CF19208C5D0000E8B2 /* Foundation.framework in Frameworks */ = {isa = PBXBuildFile; fileRef = 172186CE19208C5D0000E8B2 /* Foundation.framework */; };
		172186D119208C5D0000E8B2 /* CoreGraphics.framework in Frameworks */ = {isa = PBXBuildFile; fileRef = 172186D019208C5D0000E8B2 /* CoreGraphics.framework */; };
		172186D319208C5D0000E8B2 /* UIKit.framework in Frameworks */ = {isa = PBXBuildFile; fileRef = 172186D219208C5D0000E8B2 /* UIKit.framework */; };
		172186D919208C5D0000E8B2 /* InfoPlist.strings in Resources */ = {isa = PBXBuildFile; fileRef = 172186D719208C5D0000E8B2 /* InfoPlist.strings */; };
		172186DB19208C5D0000E8B2 /* main.m in Sources */ = {isa = PBXBuildFile; fileRef = 172186DA19208C5D0000E8B2 /* main.m */; };
		172186DF19208C5D0000E8B2 /* tipCalculatorAppDelegate.m in Sources */ = {isa = PBXBuildFile; fileRef = 172186DE19208C5D0000E8B2 /* tipCalculatorAppDelegate.m */; };
		172186E119208C5D0000E8B2 /* Images.xcassets in Resources */ = {isa = PBXBuildFile; fileRef = 172186E019208C5D0000E8B2 /* Images.xcassets */; };
		172186E819208C5D0000E8B2 /* XCTest.framework in Frameworks */ = {isa = PBXBuildFile; fileRef = 172186E719208C5D0000E8B2 /* XCTest.framework */; };
		172186E919208C5D0000E8B2 /* Foundation.framework in Frameworks */ = {isa = PBXBuildFile; fileRef = 172186CE19208C5D0000E8B2 /* Foundation.framework */; };
		172186EA19208C5D0000E8B2 /* UIKit.framework in Frameworks */ = {isa = PBXBuildFile; fileRef = 172186D219208C5D0000E8B2 /* UIKit.framework */; };
		172186F219208C5D0000E8B2 /* InfoPlist.strings in Resources */ = {isa = PBXBuildFile; fileRef = 172186F019208C5D0000E8B2 /* InfoPlist.strings */; };
		172186F419208C5D0000E8B2 /* TipCalculatorTests.m in Sources */ = {isa = PBXBuildFile; fileRef = 172186F319208C5D0000E8B2 /* TipCalculatorTests.m */; };
/* End PBXBuildFile section */

/* Begin PBXContainerItemProxy section */
		172186EB19208C5D0000E8B2 /* PBXContainerItemProxy */ = {
			isa = PBXContainerItemProxy;
			containerPortal = 172186C319208C5D0000E8B2 /* Project object */;
			proxyType = 1;
			remoteGlobalIDString = 172186CA19208C5D0000E8B2;
			remoteInfo = TipCalculator;
		};
/* End PBXContainerItemProxy section */

/* Begin PBXFileReference section */
		172186CB19208C5D0000E8B2 /* TipCalculator.app */ = {isa = PBXFileReference; explicitFileType = wrapper.application; includeInIndex = 0; path = TipCalculator.app; sourceTree = BUILT_PRODUCTS_DIR; };
		172186CE19208C5D0000E8B2 /* Foundation.framework */ = {isa = PBXFileReference; lastKnownFileType = wrapper.framework; name = Foundation.framework; path = System/Library/Frameworks/Foundation.framework; sourceTree = SDKROOT; };
		172186D019208C5D0000E8B2 /* CoreGraphics.framework */ = {isa = PBXFileReference; lastKnownFileType = wrapper.framework; name = CoreGraphics.framework; path = System/Library/Frameworks/CoreGraphics.framework; sourceTree = SDKROOT; };
		172186D219208C5D0000E8B2 /* UIKit.framework */ = {isa = PBXFileReference; lastKnownFileType = wrapper.framework; name = UIKit.framework; path = System/Library/Frameworks/UIKit.framework; sourceTree = SDKROOT; };
		172186D619208C5D0000E8B2 /* TipCalculator-Info.plist */ = {isa = PBXFileReference; lastKnownFileType = text.plist.xml; path = "TipCalculator-Info.plist"; sourceTree = "<group>"; };
		172186D819208C5D0000E8B2 /* en */ = {isa = PBXFileReference; lastKnownFileType = text.plist.strings; name = en; path = en.lproj/InfoPlist.strings; sourceTree = "<group>"; };
		172186DA19208C5D0000E8B2 /* main.m */ = {isa = PBXFileReference; lastKnownFileType = sourcecode.c.objc; path = main.m; sourceTree = "<group>"; };
		172186DC19208C5D0000E8B2 /* TipCalculator-Prefix.pch */ = {isa = PBXFileReference; lastKnownFileType = sourcecode.c.h; path = "TipCalculator-Prefix.pch"; sourceTree = "<group>"; };
		172186DD19208C5D0000E8B2 /* tipCalculatorAppDelegate.h */ = {isa = PBXFileReference; lastKnownFileType = sourcecode.c.h; path = tipCalculatorAppDelegate.h; sourceTree = "<group>"; };
		172186DE19208C5D0000E8B2 /* tipCalculatorAppDelegate.m */ = {isa = PBXFileReference; lastKnownFileType = sourcecode.c.objc; path = tipCalculatorAppDelegate.m; sourceTree = "<group>"; };
		172186E019208C5D0000E8B2 /* Images.xcassets */ = {isa = PBXFileReference; lastKnownFileType = folder.assetcatalog; path = Images.xcassets; sourceTree = "<group>"; };
		172186E619208C5D0000E8B2 /* TipCalculatorTests.xctest */ = {isa = PBXFileReference; explicitFileType = wrapper.cfbundle; includeInIndex = 0; path = TipCalculatorTests.xctest; sourceTree = BUILT_PRODUCTS_DIR; };
		172186E719208C5D0000E8B2 /* XCTest.framework */ = {isa = PBXFileReference; lastKnownFileType = wrapper.framework; name = XCTest.framework; path = Library/Frameworks/XCTest.framework; sourceTree = DEVELOPER_DIR; };
		172186EF19208C5D0000E8B2 /* TipCalculatorTests-Info.plist */ = {isa = PBXFileReference; lastKnownFileType = text.plist.xml; path = "TipCalculatorTests-Info.plist"; sourceTree = "<group>"; };
		172186F119208C5D0000E8B2 /* en */ = {isa = PBXFileReference; lastKnownFileType = text.plist.strings; name = en; path = en.lproj/InfoPlist.strings; sourceTree = "<group>"; };
		172186F319208C5D0000E8B2 /* TipCalculatorTests.m */ = {isa = PBXFileReference; lastKnownFileType = sourcecode.c.objc; path = TipCalculatorTests.m; sourceTree = "<group>"; };
/* End PBXFileReference section */

/* Begin PBXFrameworksBuildPhase section */
		172186C819208C5D0000E8B2 /* Frameworks */ = {
			isa = PBXFrameworksBuildPhase;
			buildActionMask = 2147483647;
			files = (
				172186D119208C5D0000E8B2 /* CoreGraphics.framework in Frameworks */,
				172186D319208C5D0000E8B2 /* UIKit.framework in Frameworks */,
				172186CF19208C5D0000E8B2 /* Foundation.framework in Frameworks */,
			);
			runOnlyForDeploymentPostprocessing = 0;
		};
		172186E319208C5D0000E8B2 /* Frameworks */ = {
			isa = PBXFrameworksBuildPhase;
			buildActionMask = 2147483647;
			files = (
				172186E819208C5D0000E8B2 /* XCTest.framework in Frameworks */,
				172186EA19208C5D0000E8B2 /* UIKit.framework in Frameworks */,
				172186E919208C5D0000E8B2 /* Foundation.framework in Frameworks */,
			);
			runOnlyForDeploymentPostprocessing = 0;
		};
/* End PBXFrameworksBuildPhase section */

/* Begin PBXGroup section */
		172186C219208C5D0000E8B2 = {
			isa = PBXGroup;
			children = (
				172186D419208C5D0000E8B2 /* TipCalculator */,
				172186ED19208C5D0000E8B2 /* TipCalculatorTests */,
				172186CD19208C5D0000E8B2 /* Frameworks */,
				172186CC19208C5D0000E8B2 /* Products */,
			);
			sourceTree = "<group>";
		};
		172186CC19208C5D0000E8B2 /* Products */ = {
			isa = PBXGroup;
			children = (
				172186CB19208C5D0000E8B2 /* TipCalculator.app */,
				172186E619208C5D0000E8B2 /* TipCalculatorTests.xctest */,
			);
			name = Products;
			sourceTree = "<group>";
		};
		172186CD19208C5D0000E8B2 /* Frameworks */ = {
			isa = PBXGroup;
			children = (
				172186CE19208C5D0000E8B2 /* Foundation.framework */,
				172186D019208C5D0000E8B2 /* CoreGraphics.framework */,
				172186D219208C5D0000E8B2 /* UIKit.framework */,
				172186E719208C5D0000E8B2 /* XCTest.framework */,
			);
			name = Frameworks;
			sourceTree = "<group>";
		};
		172186D419208C5D0000E8B2 /* TipCalculator */ = {
			isa = PBXGroup;
			children = (
				172186DD19208C5D0000E8B2 /* tipCalculatorAppDelegate.h */,
				172186DE19208C5D0000E8B2 /* tipCalculatorAppDelegate.m */,
				172186E019208C5D0000E8B2 /* Images.xcassets */,
				172186D519208C5D0000E8B2 /* Supporting Files */,
			);
			path = TipCalculator;
			sourceTree = "<group>";
		};
		172186D519208C5D0000E8B2 /* Supporting Files */ = {
			isa = PBXGroup;
			children = (
				172186D619208C5D0000E8B2 /* TipCalculator-Info.plist */,
				172186D719208C5D0000E8B2 /* InfoPlist.strings */,
				172186DA19208C5D0000E8B2 /* main.m */,
				172186DC19208C5D0000E8B2 /* TipCalculator-Prefix.pch */,
			);
			name = "Supporting Files";
			sourceTree = "<group>";
		};
		172186ED19208C5D0000E8B2 /* TipCalculatorTests */ = {
			isa = PBXGroup;
			children = (
				172186F319208C5D0000E8B2 /* TipCalculatorTests.m */,
				172186EE19208C5D0000E8B2 /* Supporting Files */,
			);
			path = TipCalculatorTests;
			sourceTree = "<group>";
		};
		172186EE19208C5D0000E8B2 /* Supporting Files */ = {
			isa = PBXGroup;
			children = (
				172186EF19208C5D0000E8B2 /* TipCalculatorTests-Info.plist */,
				172186F019208C5D0000E8B2 /* InfoPlist.strings */,
			);
			name = "Supporting Files";
			sourceTree = "<group>";
		};
/* End PBXGroup section */

/* Begin PBXNativeTarget section */
		172186CA19208C5D0000E8B2 /* TipCalculator */ = {
			isa = PBXNativeTarget;
			buildConfigurationList = 172186F719208C5D0000E8B2 /* Build configuration list for PBXNativeTarget "TipCalculator" */;
			buildPhases = (
				172186C719208C5D0000E8B2 /* Sources */,
				172186C819208C5D0000E8B2 /* Frameworks */,
				172186C919208C5D0000E8B2 /* Resources */,
			);
			buildRules = (
			);
			dependencies = (
			);
			name = TipCalculator;
			productName = TipCalculator;
			productReference = 172186CB19208C5D0000E8B2 /* TipCalculator.app */;
			productType = "com.apple.product-type.application";
		};
		172186E519208C5D0000E8B2 /* TipCalculatorTests */ = {
			isa = PBXNativeTarget;
			buildConfigurationList = 172186FA19208C5D0000E8B2 /* Build configuration list for PBXNativeTarget "TipCalculatorTests" */;
			buildPhases = (
				172186E219208C5D0000E8B2 /* Sources */,
				172186E319208C5D0000E8B2 /* Frameworks */,
				172186E419208C5D0000E8B2 /* Resources */,
			);
			buildRules = (
			);
			dependencies = (
				172186EC19208C5D0000E8B2 /* PBXTargetDependency */,
			);
			name = TipCalculatorTests;
			productName = TipCalculatorTests;
			productReference = 172186E619208C5D0000E8B2 /* TipCalculatorTests.xctest */;
			productType = "com.apple.product-type.bundle.unit-test";
		};
/* End PBXNativeTarget section */

/* Begin PBXProject section */
		172186C319208C5D0000E8B2 /* Project object */ = {
			isa = PBXProject;
			attributes = {
				CLASSPREFIX = tipCalculator;
				LastUpgradeCheck = 0510;
				ORGANIZATIONNAME = "onor inc";
				TargetAttributes = {
					172186E519208C5D0000E8B2 = {
						TestTargetID = 172186CA19208C5D0000E8B2;
					};
				};
			};
			buildConfigurationList = 172186C619208C5D0000E8B2 /* Build configuration list for PBXProject "TipCalculator" */;
			compatibilityVersion = "Xcode 3.2";
			developmentRegion = English;
			hasScannedForEncodings = 0;
			knownRegions = (
				en,
			);
			mainGroup = 172186C219208C5D0000E8B2;
			productRefGroup = 172186CC19208C5D0000E8B2 /* Products */;
			projectDirPath = "";
			projectRoot = "";
			targets = (
				172186CA19208C5D0000E8B2 /* TipCalculator */,
				172186E519208C5D0000E8B2 /* TipCalculatorTests */,
			);
		};
/* End PBXProject section */

/* Begin PBXResourcesBuildPhase section */
		172186C919208C5D0000E8B2 /* Resources */ = {
			isa = PBXResourcesBuildPhase;
			buildActionMask = 2147483647;
			files = (
				172186D919208C5D0000E8B2 /* InfoPlist.strings in Resources */,
				172186E119208C5D0000E8B2 /* Images.xcassets in Resources */,
			);
			runOnlyForDeploymentPostprocessing = 0;
		};
		172186E419208C5D0000E8B2 /* Resources */ = {
			isa = PBXResourcesBuildPhase;
			buildActionMask = 2147483647;
			files = (
				172186F219208C5D0000E8B2 /* InfoPlist.strings in Resources */,
			);
			runOnlyForDeploymentPostprocessing = 0;
		};
/* End PBXResourcesBuildPhase section */

/* Begin PBXSourcesBuildPhase section */
		172186C719208C5D0000E8B2 /* Sources */ = {
			isa = PBXSourcesBuildPhase;
			buildActionMask = 2147483647;
			files = (
				172186DF19208C5D0000E8B2 /* tipCalculatorAppDelegate.m in Sources */,
				172186DB19208C5D0000E8B2 /* main.m in Sources */,
			);
			runOnlyForDeploymentPostprocessing = 0;
		};
		172186E219208C5D0000E8B2 /* Sources */ = {
			isa = PBXSourcesBuildPhase;
			buildActionMask = 2147483647;
			files = (
				172186F419208C5D0000E8B2 /* TipCalculatorTests.m in Sources */,
			);
			runOnlyForDeploymentPostprocessing = 0;
		};
/* End PBXSourcesBuildPhase section */

/* Begin PBXTargetDependency section */
		172186EC19208C5D0000E8B2 /* PBXTargetDependency */ = {
			isa = PBXTargetDependency;
			target = 172186CA19208C5D0000E8B2 /* TipCalculator */;
			targetProxy = 172186EB19208C5D0000E8B2 /* PBXContainerItemProxy */;
		};
/* End PBXTargetDependency section */

/* Begin PBXVariantGroup section */
		172186D719208C5D0000E8B2 /* InfoPlist.strings */ = {
			isa = PBXVariantGroup;
			children = (
				172186D819208C5D0000E8B2 /* en */,
			);
			name = InfoPlist.strings;
			sourceTree = "<group>";
		};
		172186F019208C5D0000E8B2 /* InfoPlist.strings */ = {
			isa = PBXVariantGroup;
			children = (
				172186F119208C5D0000E8B2 /* en */,
			);
			name = InfoPlist.strings;
			sourceTree = "<group>";
		};
/* End PBXVariantGroup section */

/* Begin XCBuildConfiguration section */
		172186F519208C5D0000E8B2 /* Debug */ = {
			isa = XCBuildConfiguration;
			buildSettings = {
				ALWAYS_SEARCH_USER_PATHS = NO;
				CLANG_CXX_LANGUAGE_STANDARD = "gnu++0x";
				CLANG_CXX_LIBRARY = "libc++";
				CLANG_ENABLE_MODULES = YES;
				CLANG_ENABLE_OBJC_ARC = YES;
				CLANG_WARN_BOOL_CONVERSION = YES;
				CLANG_WARN_CONSTANT_CONVERSION = YES;
				CLANG_WARN_DIRECT_OBJC_ISA_USAGE = YES_ERROR;
				CLANG_WARN_EMPTY_BODY = YES;
				CLANG_WARN_ENUM_CONVERSION = YES;
				CLANG_WARN_INT_CONVERSION = YES;
				CLANG_WARN_OBJC_ROOT_CLASS = YES_ERROR;
				CLANG_WARN__DUPLICATE_METHOD_MATCH = YES;
				"CODE_SIGN_IDENTITY[sdk=iphoneos*]" = "iPhone Developer";
				COPY_PHASE_STRIP = NO;
				GCC_C_LANGUAGE_STANDARD = gnu99;
				GCC_DYNAMIC_NO_PIC = NO;
				GCC_OPTIMIZATION_LEVEL = 0;
				GCC_PREPROCESSOR_DEFINITIONS = (
					"DEBUG=1",
					"$(inherited)",
				);
				GCC_SYMBOLS_PRIVATE_EXTERN = NO;
				GCC_WARN_64_TO_32_BIT_CONVERSION = YES;
				GCC_WARN_ABOUT_RETURN_TYPE = YES_ERROR;
				GCC_WARN_UNDECLARED_SELECTOR = YES;
				GCC_WARN_UNINITIALIZED_AUTOS = YES_AGGRESSIVE;
				GCC_WARN_UNUSED_FUNCTION = YES;
				GCC_WARN_UNUSED_VARIABLE = YES;
				IPHONEOS_DEPLOYMENT_TARGET = 7.1;
				ONLY_ACTIVE_ARCH = YES;
				SDKROOT = iphoneos;
			};
			name = Debug;
		};
		172186F619208C5D0000E8B2 /* Release */ = {
			isa = XCBuildConfiguration;
			buildSettings = {
				ALWAYS_SEARCH_USER_PATHS = NO;
				CLANG_CXX_LANGUAGE_STANDARD = "gnu++0x";
				CLANG_CXX_LIBRARY = "libc++";
				CLANG_ENABLE_MODULES = YES;
				CLANG_ENABLE_OBJC_ARC = YES;
				CLANG_WARN_BOOL_CONVERSION = YES;
				CLANG_WARN_CONSTANT_CONVERSION = YES;
				CLANG_WARN_DIRECT_OBJC_ISA_USAGE = YES_ERROR;
				CLANG_WARN_EMPTY_BODY = YES;
				CLANG_WARN_ENUM_CONVERSION = YES;
				CLANG_WARN_INT_CONVERSION = YES;
				CLANG_WARN_OBJC_ROOT_CLASS = YES_ERROR;
				CLANG_WARN__DUPLICATE_METHOD_MATCH = YES;
				"CODE_SIGN_IDENTITY[sdk=iphoneos*]" = "iPhone Developer";
				COPY_PHASE_STRIP = YES;
				ENABLE_NS_ASSERTIONS = NO;
				GCC_C_LANGUAGE_STANDARD = gnu99;
				GCC_WARN_64_TO_32_BIT_CONVERSION = YES;
				GCC_WARN_ABOUT_RETURN_TYPE = YES_ERROR;
				GCC_WARN_UNDECLARED_SELECTOR = YES;
				GCC_WARN_UNINITIALIZED_AUTOS = YES_AGGRESSIVE;
				GCC_WARN_UNUSED_FUNCTION = YES;
				GCC_WARN_UNUSED_VARIABLE = YES;
				IPHONEOS_DEPLOYMENT_TARGET = 7.1;
				SDKROOT = iphoneos;
				VALIDATE_PRODUCT = YES;
			};
			name = Release;
		};
		172186F819208C5D0000E8B2 /* Debug */ = {
			isa = XCBuildConfiguration;
			buildSettings = {
				ASSETCATALOG_COMPILER_APPICON_NAME = AppIcon;
				ASSETCATALOG_COMPILER_LAUNCHIMAGE_NAME = LaunchImage;
				GCC_PRECOMPILE_PREFIX_HEADER = YES;
				GCC_PREFIX_HEADER = "TipCalculator/TipCalculator-Prefix.pch";
				INFOPLIST_FILE = "TipCalculator/TipCalculator-Info.plist";
				PRODUCT_NAME = "$(TARGET_NAME)";
				WRAPPER_EXTENSION = app;
			};
			name = Debug;
		};
		172186F919208C5D0000E8B2 /* Release */ = {
			isa = XCBuildConfiguration;
			buildSettings = {
				ASSETCATALOG_COMPILER_APPICON_NAME = AppIcon;
				ASSETCATALOG_COMPILER_LAUNCHIMAGE_NAME = LaunchImage;
				GCC_PRECOMPILE_PREFIX_HEADER = YES;
				GCC_PREFIX_HEADER = "TipCalculator/TipCalculator-Prefix.pch";
				INFOPLIST_FILE = "TipCalculator/TipCalculator-Info.plist";
				PRODUCT_NAME = "$(TARGET_NAME)";
				WRAPPER_EXTENSION = app;
			};
			name = Release;
		};
		172186FB19208C5D0000E8B2 /* Debug */ = {
			isa = XCBuildConfiguration;
			buildSettings = {
				BUNDLE_LOADER = "$(BUILT_PRODUCTS_DIR)/TipCalculator.app/TipCalculator";
				FRAMEWORK_SEARCH_PATHS = (
					"$(SDKROOT)/Developer/Library/Frameworks",
					"$(inherited)",
					"$(DEVELOPER_FRAMEWORKS_DIR)",
				);
				GCC_PRECOMPILE_PREFIX_HEADER = YES;
				GCC_PREFIX_HEADER = "TipCalculator/TipCalculator-Prefix.pch";
				GCC_PREPROCESSOR_DEFINITIONS = (
					"DEBUG=1",
					"$(inherited)",
				);
				INFOPLIST_FILE = "TipCalculatorTests/TipCalculatorTests-Info.plist";
				PRODUCT_NAME = "$(TARGET_NAME)";
				TEST_HOST = "$(BUNDLE_LOADER)";
				WRAPPER_EXTENSION = xctest;
			};
			name = Debug;
		};
		172186FC19208C5D0000E8B2 /* Release */ = {
			isa = XCBuildConfiguration;
			buildSettings = {
				BUNDLE_LOADER = "$(BUILT_PRODUCTS_DIR)/TipCalculator.app/TipCalculator";
				FRAMEWORK_SEARCH_PATHS = (
					"$(SDKROOT)/Developer/Library/Frameworks",
					"$(inherited)",
					"$(DEVELOPER_FRAMEWORKS_DIR)",
				);
				GCC_PRECOMPILE_PREFIX_HEADER = YES;
				GCC_PREFIX_HEADER = "TipCalculator/TipCalculator-Prefix.pch";
				INFOPLIST_FILE = "TipCalculatorTests/TipCalculatorTests-Info.plist";
				PRODUCT_NAME = "$(TARGET_NAME)";
				TEST_HOST = "$(BUNDLE_LOADER)";
				WRAPPER_EXTENSION = xctest;
			};
			name = Release;
		};
/* End XCBuildConfiguration section */

/* Begin XCConfigurationList section */
		172186C619208C5D0000E8B2 /* Build configuration list for PBXProject "TipCalculator" */ = {
			isa = XCConfigurationList;
			buildConfigurations = (
				172186F519208C5D0000E8B2 /* Debug */,
				172186F619208C5D0000E8B2 /* Release */,
			);
			defaultConfigurationIsVisible = 0;
			defaultConfigurationName = Release;
		};
		172186F719208C5D0000E8B2 /* Build configuration list for PBXNativeTarget "TipCalculator" */ = {
			isa = XCConfigurationList;
			buildConfigurations = (
				172186F819208C5D0000E8B2 /* Debug */,
				172186F919208C5D0000E8B2 /* Release */,
			);
			defaultConfigurationIsVisible = 0;
		};
		172186FA19208C5D0000E8B2 /* Build configuration list for PBXNativeTarget "TipCalculatorTests" */ = {
			isa = XCConfigurationList;
			buildConfigurations = (
				172186FB19208C5D0000E8B2 /* Debug */,
				172186FC19208C5D0000E8B2 /* Release */,
			);
			defaultConfigurationIsVisible = 0;
		};
/* End XCConfigurationList section */
	};
	rootObject = 172186C319208C5D0000E8B2 /* Project object */;
}
